
Microsoft Visual Studio Solution File, Format Version 12.00
# Visual Studio 15
VisualStudioVersion = 15.0.27004.2006
MinimumVisualStudioVersion = 10.0.40219.1
Project("{8BC9CEB8-8B4A-11D0-8D11-00A0C91BC942}") = "01DrawTriangle", "01DrawTriangle\01DrawTriangle.vcxproj", "{8C72989B-3860-4404-99AC-00906F524BDE}"
EndProject
Project("{8BC9CEB8-8B4A-11D0-8D11-00A0C91BC942}") = "02Class", "02Class\02Class.vcxproj", "{F0927D2E-D402-4BFD-A206-9E34027C0E3A}"
EndProject
Project("{8BC9CEB8-8B4A-11D0-8D11-00A0C91BC942}") = "03DrawCube", "03DrawCube\03DrawCube.vcxproj", "{C0DC91B4-3BEE-437A-A420-EE2FA2D2DE7A}"
EndProject
Project("{8BC9CEB8-8B4A-11D0-8D11-00A0C91BC942}") = "04Shading", "04Shading\04Shading.vcxproj", "{94CF694E-C190-4CE4-8556-EE1FD771B558}"
EndProject
Project("{8BC9CEB8-8B4A-11D0-8D11-00A0C91BC942}") = "05Texture", "05Texture\05Texture.vcxproj", "{1C3DB96D-26A0-4640-B743-99964D5DCF03}"
EndProject
Project("{8BC9CEB8-8B4A-11D0-8D11-00A0C91BC942}") = "06Camera", "06Camera\06Camera.vcxproj", "{D4553013-68AF-44E3-B1C0-7DE1B8F9308C}"
EndProject
Project("{8BC9CEB8-8B4A-11D0-8D11-00A0C91BC942}") = "07Input", "07Input\07Input.vcxproj", "{1F01E37E-E931-4AF2-9C36-31C4A77C1A21}"
EndProject
Project("{8BC9CEB8-8B4A-11D0-8D11-00A0C91BC942}") = "08Timer", "08Timer\08Timer.vcxproj", "{B8A72BED-1930-418F-8B77-C56EC9ED206B}"
EndProject
Project("{8BC9CEB8-8B4A-11D0-8D11-00A0C91BC942}") = "01Window", "01Window\01Window.vcxproj", "{1819FD1D-41C6-46FC-A950-0AECDA3379C2}"
EndProject
Project("{8BC9CEB8-8B4A-11D0-8D11-00A0C91BC942}") = "02Graphics", "02Graphics\02Graphics.vcxproj", "{61B6EA0C-2382-41B9-800D-F7E06707A7F8}"
EndProject
Project("{8BC9CEB8-8B4A-11D0-8D11-00A0C91BC942}") = "03Camera", "03Camera\03Camera.vcxproj", "{0040A58D-D5FA-40FC-8D8E-274F54B36CAE}"
EndProject
Project("{8BC9CEB8-8B4A-11D0-8D11-00A0C91BC942}") = "05Triangle", "05Triangle\05Triangle.vcxproj", "{62CF97D0-B474-4E8F-9D18-7F12FCC7698B}"
EndProject
Project("{8BC9CEB8-8B4A-11D0-8D11-00A0C91BC942}") = "04Shader", "04Shader\04Shader.vcxproj", "{EBE0888C-F834-4696-A5DB-B00203414AD5}"
EndProject
Project("{8BC9CEB8-8B4A-11D0-8D11-00A0C91BC942}") = "06Matrix", "06Matrix\06Matrix.vcxproj", "{A710BF1F-AFE2-40BE-97CE-9D8150B21384}"
EndProject
Global
	GlobalSection(SolutionConfigurationPlatforms) = preSolution
		Debug|x64 = Debug|x64
		Debug|x86 = Debug|x86
		Release|x64 = Release|x64
		Release|x86 = Release|x86
	EndGlobalSection
	GlobalSection(ProjectConfigurationPlatforms) = postSolution
		{8C72989B-3860-4404-99AC-00906F524BDE}.Debug|x64.ActiveCfg = Debug|x64
		{8C72989B-3860-4404-99AC-00906F524BDE}.Debug|x64.Build.0 = Debug|x64
		{8C72989B-3860-4404-99AC-00906F524BDE}.Debug|x86.ActiveCfg = Debug|Win32
		{8C72989B-3860-4404-99AC-00906F524BDE}.Debug|x86.Build.0 = Debug|Win32
		{8C72989B-3860-4404-99AC-00906F524BDE}.Release|x64.ActiveCfg = Release|x64
		{8C72989B-3860-4404-99AC-00906F524BDE}.Release|x64.Build.0 = Release|x64
		{8C72989B-3860-4404-99AC-00906F524BDE}.Release|x86.ActiveCfg = Release|Win32
		{8C72989B-3860-4404-99AC-00906F524BDE}.Release|x86.Build.0 = Release|Win32
		{F0927D2E-D402-4BFD-A206-9E34027C0E3A}.Debug|x64.ActiveCfg = Debug|x64
		{F0927D2E-D402-4BFD-A206-9E34027C0E3A}.Debug|x64.Build.0 = Debug|x64
		{F0927D2E-D402-4BFD-A206-9E34027C0E3A}.Debug|x86.ActiveCfg = Debug|Win32
		{F0927D2E-D402-4BFD-A206-9E34027C0E3A}.Debug|x86.Build.0 = Debug|Win32
		{F0927D2E-D402-4BFD-A206-9E34027C0E3A}.Release|x64.ActiveCfg = Release|x64
		{F0927D2E-D402-4BFD-A206-9E34027C0E3A}.Release|x64.Build.0 = Release|x64
		{F0927D2E-D402-4BFD-A206-9E34027C0E3A}.Release|x86.ActiveCfg = Release|Win32
		{F0927D2E-D402-4BFD-A206-9E34027C0E3A}.Release|x86.Build.0 = Release|Win32
		{C0DC91B4-3BEE-437A-A420-EE2FA2D2DE7A}.Debug|x64.ActiveCfg = Debug|x64
		{C0DC91B4-3BEE-437A-A420-EE2FA2D2DE7A}.Debug|x64.Build.0 = Debug|x64
		{C0DC91B4-3BEE-437A-A420-EE2FA2D2DE7A}.Debug|x86.ActiveCfg = Debug|Win32
		{C0DC91B4-3BEE-437A-A420-EE2FA2D2DE7A}.Debug|x86.Build.0 = Debug|Win32
		{C0DC91B4-3BEE-437A-A420-EE2FA2D2DE7A}.Release|x64.ActiveCfg = Release|x64
		{C0DC91B4-3BEE-437A-A420-EE2FA2D2DE7A}.Release|x64.Build.0 = Release|x64
		{C0DC91B4-3BEE-437A-A420-EE2FA2D2DE7A}.Release|x86.ActiveCfg = Release|Win32
		{C0DC91B4-3BEE-437A-A420-EE2FA2D2DE7A}.Release|x86.Build.0 = Release|Win32
		{94CF694E-C190-4CE4-8556-EE1FD771B558}.Debug|x64.ActiveCfg = Debug|x64
		{94CF694E-C190-4CE4-8556-EE1FD771B558}.Debug|x64.Build.0 = Debug|x64
		{94CF694E-C190-4CE4-8556-EE1FD771B558}.Debug|x86.ActiveCfg = Debug|Win32
		{94CF694E-C190-4CE4-8556-EE1FD771B558}.Debug|x86.Build.0 = Debug|Win32
		{94CF694E-C190-4CE4-8556-EE1FD771B558}.Release|x64.ActiveCfg = Release|x64
		{94CF694E-C190-4CE4-8556-EE1FD771B558}.Release|x64.Build.0 = Release|x64
		{94CF694E-C190-4CE4-8556-EE1FD771B558}.Release|x86.ActiveCfg = Release|Win32
		{94CF694E-C190-4CE4-8556-EE1FD771B558}.Release|x86.Build.0 = Release|Win32
		{1C3DB96D-26A0-4640-B743-99964D5DCF03}.Debug|x64.ActiveCfg = Debug|x64
		{1C3DB96D-26A0-4640-B743-99964D5DCF03}.Debug|x64.Build.0 = Debug|x64
		{1C3DB96D-26A0-4640-B743-99964D5DCF03}.Debug|x86.ActiveCfg = Debug|Win32
		{1C3DB96D-26A0-4640-B743-99964D5DCF03}.Debug|x86.Build.0 = Debug|Win32
		{1C3DB96D-26A0-4640-B743-99964D5DCF03}.Release|x64.ActiveCfg = Release|x64
		{1C3DB96D-26A0-4640-B743-99964D5DCF03}.Release|x64.Build.0 = Release|x64
		{1C3DB96D-26A0-4640-B743-99964D5DCF03}.Release|x86.ActiveCfg = Release|Win32
		{1C3DB96D-26A0-4640-B743-99964D5DCF03}.Release|x86.Build.0 = Release|Win32
		{D4553013-68AF-44E3-B1C0-7DE1B8F9308C}.Debug|x64.ActiveCfg = Debug|x64
		{D4553013-68AF-44E3-B1C0-7DE1B8F9308C}.Debug|x64.Build.0 = Debug|x64
		{D4553013-68AF-44E3-B1C0-7DE1B8F9308C}.Debug|x86.ActiveCfg = Debug|Win32
		{D4553013-68AF-44E3-B1C0-7DE1B8F9308C}.Debug|x86.Build.0 = Debug|Win32
		{D4553013-68AF-44E3-B1C0-7DE1B8F9308C}.Release|x64.ActiveCfg = Release|x64
		{D4553013-68AF-44E3-B1C0-7DE1B8F9308C}.Release|x64.Build.0 = Release|x64
		{D4553013-68AF-44E3-B1C0-7DE1B8F9308C}.Release|x86.ActiveCfg = Release|Win32
		{D4553013-68AF-44E3-B1C0-7DE1B8F9308C}.Release|x86.Build.0 = Release|Win32
		{1F01E37E-E931-4AF2-9C36-31C4A77C1A21}.Debug|x64.ActiveCfg = Debug|x64
		{1F01E37E-E931-4AF2-9C36-31C4A77C1A21}.Debug|x64.Build.0 = Debug|x64
		{1F01E37E-E931-4AF2-9C36-31C4A77C1A21}.Debug|x86.ActiveCfg = Debug|Win32
		{1F01E37E-E931-4AF2-9C36-31C4A77C1A21}.Debug|x86.Build.0 = Debug|Win32
		{1F01E37E-E931-4AF2-9C36-31C4A77C1A21}.Release|x64.ActiveCfg = Release|x64
		{1F01E37E-E931-4AF2-9C36-31C4A77C1A21}.Release|x64.Build.0 = Release|x64
		{1F01E37E-E931-4AF2-9C36-31C4A77C1A21}.Release|x86.ActiveCfg = Release|Win32
		{1F01E37E-E931-4AF2-9C36-31C4A77C1A21}.Release|x86.Build.0 = Release|Win32
		{B8A72BED-1930-418F-8B77-C56EC9ED206B}.Debug|x64.ActiveCfg = Debug|x64
		{B8A72BED-1930-418F-8B77-C56EC9ED206B}.Debug|x64.Build.0 = Debug|x64
		{B8A72BED-1930-418F-8B77-C56EC9ED206B}.Debug|x86.ActiveCfg = Debug|Win32
		{B8A72BED-1930-418F-8B77-C56EC9ED206B}.Debug|x86.Build.0 = Debug|Win32
		{B8A72BED-1930-418F-8B77-C56EC9ED206B}.Release|x64.ActiveCfg = Release|x64
		{B8A72BED-1930-418F-8B77-C56EC9ED206B}.Release|x64.Build.0 = Release|x64
		{B8A72BED-1930-418F-8B77-C56EC9ED206B}.Release|x86.ActiveCfg = Release|Win32
		{B8A72BED-1930-418F-8B77-C56EC9ED206B}.Release|x86.Build.0 = Release|Win32
		{1819FD1D-41C6-46FC-A950-0AECDA3379C2}.Debug|x64.ActiveCfg = Debug|x64
		{1819FD1D-41C6-46FC-A950-0AECDA3379C2}.Debug|x64.Build.0 = Debug|x64
		{1819FD1D-41C6-46FC-A950-0AECDA3379C2}.Debug|x86.ActiveCfg = Debug|Win32
		{1819FD1D-41C6-46FC-A950-0AECDA3379C2}.Debug|x86.Build.0 = Debug|Win32
		{1819FD1D-41C6-46FC-A950-0AECDA3379C2}.Release|x64.ActiveCfg = Release|x64
		{1819FD1D-41C6-46FC-A950-0AECDA3379C2}.Release|x64.Build.0 = Release|x64
		{1819FD1D-41C6-46FC-A950-0AECDA3379C2}.Release|x86.ActiveCfg = Release|Win32
		{1819FD1D-41C6-46FC-A950-0AECDA3379C2}.Release|x86.Build.0 = Release|Win32
		{61B6EA0C-2382-41B9-800D-F7E06707A7F8}.Debug|x64.ActiveCfg = Debug|x64
		{61B6EA0C-2382-41B9-800D-F7E06707A7F8}.Debug|x64.Build.0 = Debug|x64
		{61B6EA0C-2382-41B9-800D-F7E06707A7F8}.Debug|x86.ActiveCfg = Debug|Win32
		{61B6EA0C-2382-41B9-800D-F7E06707A7F8}.Debug|x86.Build.0 = Debug|Win32
		{61B6EA0C-2382-41B9-800D-F7E06707A7F8}.Release|x64.ActiveCfg = Release|x64
		{61B6EA0C-2382-41B9-800D-F7E06707A7F8}.Release|x64.Build.0 = Release|x64
		{61B6EA0C-2382-41B9-800D-F7E06707A7F8}.Release|x86.ActiveCfg = Release|Win32
		{61B6EA0C-2382-41B9-800D-F7E06707A7F8}.Release|x86.Build.0 = Release|Win32
		{0040A58D-D5FA-40FC-8D8E-274F54B36CAE}.Debug|x64.ActiveCfg = Debug|x64
		{0040A58D-D5FA-40FC-8D8E-274F54B36CAE}.Debug|x64.Build.0 = Debug|x64
		{0040A58D-D5FA-40FC-8D8E-274F54B36CAE}.Debug|x86.ActiveCfg = Debug|Win32
		{0040A58D-D5FA-40FC-8D8E-274F54B36CAE}.Debug|x86.Build.0 = Debug|Win32
		{0040A58D-D5FA-40FC-8D8E-274F54B36CAE}.Release|x64.ActiveCfg = Release|x64
		{0040A58D-D5FA-40FC-8D8E-274F54B36CAE}.Release|x64.Build.0 = Release|x64
		{0040A58D-D5FA-40FC-8D8E-274F54B36CAE}.Release|x86.ActiveCfg = Release|Win32
		{0040A58D-D5FA-40FC-8D8E-274F54B36CAE}.Release|x86.Build.0 = Release|Win32
		{62CF97D0-B474-4E8F-9D18-7F12FCC7698B}.Debug|x64.ActiveCfg = Debug|x64
		{62CF97D0-B474-4E8F-9D18-7F12FCC7698B}.Debug|x64.Build.0 = Debug|x64
		{62CF97D0-B474-4E8F-9D18-7F12FCC7698B}.Debug|x86.ActiveCfg = Debug|Win32
		{62CF97D0-B474-4E8F-9D18-7F12FCC7698B}.Debug|x86.Build.0 = Debug|Win32
		{62CF97D0-B474-4E8F-9D18-7F12FCC7698B}.Release|x64.ActiveCfg = Release|x64
		{62CF97D0-B474-4E8F-9D18-7F12FCC7698B}.Release|x64.Build.0 = Release|x64
		{62CF97D0-B474-4E8F-9D18-7F12FCC7698B}.Release|x86.ActiveCfg = Release|Win32
		{62CF97D0-B474-4E8F-9D18-7F12FCC7698B}.Release|x86.Build.0 = Release|Win32
		{EBE0888C-F834-4696-A5DB-B00203414AD5}.Debug|x64.ActiveCfg = Debug|x64
		{EBE0888C-F834-4696-A5DB-B00203414AD5}.Debug|x64.Build.0 = Debug|x64
		{EBE0888C-F834-4696-A5DB-B00203414AD5}.Debug|x86.ActiveCfg = Debug|Win32
		{EBE0888C-F834-4696-A5DB-B00203414AD5}.Debug|x86.Build.0 = Debug|Win32
		{EBE0888C-F834-4696-A5DB-B00203414AD5}.Release|x64.ActiveCfg = Release|x64
		{EBE0888C-F834-4696-A5DB-B00203414AD5}.Release|x64.Build.0 = Release|x64
		{EBE0888C-F834-4696-A5DB-B00203414AD5}.Release|x86.ActiveCfg = Release|Win32
		{EBE0888C-F834-4696-A5DB-B00203414AD5}.Release|x86.Build.0 = Release|Win32
		{A710BF1F-AFE2-40BE-97CE-9D8150B21384}.Debug|x64.ActiveCfg = Debug|x64
		{A710BF1F-AFE2-40BE-97CE-9D8150B21384}.Debug|x64.Build.0 = Debug|x64
		{A710BF1F-AFE2-40BE-97CE-9D8150B21384}.Debug|x86.ActiveCfg = Debug|Win32
		{A710BF1F-AFE2-40BE-97CE-9D8150B21384}.Debug|x86.Build.0 = Debug|Win32
		{A710BF1F-AFE2-40BE-97CE-9D8150B21384}.Release|x64.ActiveCfg = Release|x64
		{A710BF1F-AFE2-40BE-97CE-9D8150B21384}.Release|x64.Build.0 = Release|x64
		{A710BF1F-AFE2-40BE-97CE-9D8150B21384}.Release|x86.ActiveCfg = Release|Win32
		{A710BF1F-AFE2-40BE-97CE-9D8150B21384}.Release|x86.Build.0 = Release|Win32
	EndGlobalSection
	GlobalSection(SolutionProperties) = preSolution
		HideSolutionNode = FALSE
	EndGlobalSection
	GlobalSection(ExtensibilityGlobals) = postSolution
		SolutionGuid = {42AA1E8D-C4BB-4D2E-8003-F003B4F858CB}
	EndGlobalSection
EndGlobal
