
Microsoft Visual Studio Solution File, Format Version 12.00
# Visual Studio 15
VisualStudioVersion = 15.0.27004.2006
MinimumVisualStudioVersion = 10.0.40219.1
Project("{8BC9CEB8-8B4A-11D0-8D11-00A0C91BC942}") = "01DrawTriangle", "01DrawTriangle\01DrawTriangle.vcxproj", "{8C72989B-3860-4404-99AC-00906F524BDE}"
EndProject
Project("{8BC9CEB8-8B4A-11D0-8D11-00A0C91BC942}") = "07DrawPlane", "07DrawPlane\07DrawPlane.vcxproj", "{EC3BB51E-7C4A-4B7D-882F-47CAC9A00EF1}"
EndProject
Project("{8BC9CEB8-8B4A-11D0-8D11-00A0C91BC942}") = "06FloatStructure", "06FloatStructure\06FloatStructure.vcxproj", "{2039C7A6-15B7-44FC-9097-06E0C73F7AED}"
EndProject
Project("{8BC9CEB8-8B4A-11D0-8D11-00A0C91BC942}") = "08DrawCube", "08DrawCube\08DrawCube.vcxproj", "{7976A35A-F00E-4636-A454-1DA44936311B}"
EndProject
Project("{8BC9CEB8-8B4A-11D0-8D11-00A0C91BC942}") = "09Shading", "09Shading\09Shading.vcxproj", "{CBC6FB09-D28E-4AEE-B081-FE223FB84ED6}"
EndProject
Project("{8BC9CEB8-8B4A-11D0-8D11-00A0C91BC942}") = "10Texture", "10Texture\10Texture.vcxproj", "{5C7974AC-8EB8-4B80-80E0-8B891D406138}"
EndProject
Project("{8BC9CEB8-8B4A-11D0-8D11-00A0C91BC942}") = "02Class", "02Class\02Class.vcxproj", "{F0927D2E-D402-4BFD-A206-9E34027C0E3A}"
EndProject
Project("{8BC9CEB8-8B4A-11D0-8D11-00A0C91BC942}") = "03DrawCube", "03DrawCube\03DrawCube.vcxproj", "{C0DC91B4-3BEE-437A-A420-EE2FA2D2DE7A}"
EndProject
Project("{8BC9CEB8-8B4A-11D0-8D11-00A0C91BC942}") = "04Shading", "04Shading\04Shading.vcxproj", "{94CF694E-C190-4CE4-8556-EE1FD771B558}"
EndProject
Global
	GlobalSection(SolutionConfigurationPlatforms) = preSolution
		Debug|x64 = Debug|x64
		Debug|x86 = Debug|x86
		Release|x64 = Release|x64
		Release|x86 = Release|x86
	EndGlobalSection
	GlobalSection(ProjectConfigurationPlatforms) = postSolution
		{8C72989B-3860-4404-99AC-00906F524BDE}.Debug|x64.ActiveCfg = Debug|x64
		{8C72989B-3860-4404-99AC-00906F524BDE}.Debug|x64.Build.0 = Debug|x64
		{8C72989B-3860-4404-99AC-00906F524BDE}.Debug|x86.ActiveCfg = Debug|Win32
		{8C72989B-3860-4404-99AC-00906F524BDE}.Debug|x86.Build.0 = Debug|Win32
		{8C72989B-3860-4404-99AC-00906F524BDE}.Release|x64.ActiveCfg = Release|x64
		{8C72989B-3860-4404-99AC-00906F524BDE}.Release|x64.Build.0 = Release|x64
		{8C72989B-3860-4404-99AC-00906F524BDE}.Release|x86.ActiveCfg = Release|Win32
		{8C72989B-3860-4404-99AC-00906F524BDE}.Release|x86.Build.0 = Release|Win32
		{EC3BB51E-7C4A-4B7D-882F-47CAC9A00EF1}.Debug|x64.ActiveCfg = Debug|x64
		{EC3BB51E-7C4A-4B7D-882F-47CAC9A00EF1}.Debug|x64.Build.0 = Debug|x64
		{EC3BB51E-7C4A-4B7D-882F-47CAC9A00EF1}.Debug|x86.ActiveCfg = Debug|Win32
		{EC3BB51E-7C4A-4B7D-882F-47CAC9A00EF1}.Debug|x86.Build.0 = Debug|Win32
		{EC3BB51E-7C4A-4B7D-882F-47CAC9A00EF1}.Release|x64.ActiveCfg = Release|x64
		{EC3BB51E-7C4A-4B7D-882F-47CAC9A00EF1}.Release|x64.Build.0 = Release|x64
		{EC3BB51E-7C4A-4B7D-882F-47CAC9A00EF1}.Release|x86.ActiveCfg = Release|Win32
		{EC3BB51E-7C4A-4B7D-882F-47CAC9A00EF1}.Release|x86.Build.0 = Release|Win32
		{2039C7A6-15B7-44FC-9097-06E0C73F7AED}.Debug|x64.ActiveCfg = Debug|x64
		{2039C7A6-15B7-44FC-9097-06E0C73F7AED}.Debug|x64.Build.0 = Debug|x64
		{2039C7A6-15B7-44FC-9097-06E0C73F7AED}.Debug|x86.ActiveCfg = Debug|Win32
		{2039C7A6-15B7-44FC-9097-06E0C73F7AED}.Debug|x86.Build.0 = Debug|Win32
		{2039C7A6-15B7-44FC-9097-06E0C73F7AED}.Release|x64.ActiveCfg = Release|x64
		{2039C7A6-15B7-44FC-9097-06E0C73F7AED}.Release|x64.Build.0 = Release|x64
		{2039C7A6-15B7-44FC-9097-06E0C73F7AED}.Release|x86.ActiveCfg = Release|Win32
		{2039C7A6-15B7-44FC-9097-06E0C73F7AED}.Release|x86.Build.0 = Release|Win32
		{7976A35A-F00E-4636-A454-1DA44936311B}.Debug|x64.ActiveCfg = Debug|x64
		{7976A35A-F00E-4636-A454-1DA44936311B}.Debug|x64.Build.0 = Debug|x64
		{7976A35A-F00E-4636-A454-1DA44936311B}.Debug|x86.ActiveCfg = Debug|Win32
		{7976A35A-F00E-4636-A454-1DA44936311B}.Debug|x86.Build.0 = Debug|Win32
		{7976A35A-F00E-4636-A454-1DA44936311B}.Release|x64.ActiveCfg = Release|x64
		{7976A35A-F00E-4636-A454-1DA44936311B}.Release|x64.Build.0 = Release|x64
		{7976A35A-F00E-4636-A454-1DA44936311B}.Release|x86.ActiveCfg = Release|Win32
		{7976A35A-F00E-4636-A454-1DA44936311B}.Release|x86.Build.0 = Release|Win32
		{CBC6FB09-D28E-4AEE-B081-FE223FB84ED6}.Debug|x64.ActiveCfg = Debug|x64
		{CBC6FB09-D28E-4AEE-B081-FE223FB84ED6}.Debug|x64.Build.0 = Debug|x64
		{CBC6FB09-D28E-4AEE-B081-FE223FB84ED6}.Debug|x86.ActiveCfg = Debug|Win32
		{CBC6FB09-D28E-4AEE-B081-FE223FB84ED6}.Debug|x86.Build.0 = Debug|Win32
		{CBC6FB09-D28E-4AEE-B081-FE223FB84ED6}.Release|x64.ActiveCfg = Release|x64
		{CBC6FB09-D28E-4AEE-B081-FE223FB84ED6}.Release|x64.Build.0 = Release|x64
		{CBC6FB09-D28E-4AEE-B081-FE223FB84ED6}.Release|x86.ActiveCfg = Release|Win32
		{CBC6FB09-D28E-4AEE-B081-FE223FB84ED6}.Release|x86.Build.0 = Release|Win32
		{5C7974AC-8EB8-4B80-80E0-8B891D406138}.Debug|x64.ActiveCfg = Debug|x64
		{5C7974AC-8EB8-4B80-80E0-8B891D406138}.Debug|x64.Build.0 = Debug|x64
		{5C7974AC-8EB8-4B80-80E0-8B891D406138}.Debug|x86.ActiveCfg = Debug|Win32
		{5C7974AC-8EB8-4B80-80E0-8B891D406138}.Debug|x86.Build.0 = Debug|Win32
		{5C7974AC-8EB8-4B80-80E0-8B891D406138}.Release|x64.ActiveCfg = Release|x64
		{5C7974AC-8EB8-4B80-80E0-8B891D406138}.Release|x64.Build.0 = Release|x64
		{5C7974AC-8EB8-4B80-80E0-8B891D406138}.Release|x86.ActiveCfg = Release|Win32
		{5C7974AC-8EB8-4B80-80E0-8B891D406138}.Release|x86.Build.0 = Release|Win32
		{F0927D2E-D402-4BFD-A206-9E34027C0E3A}.Debug|x64.ActiveCfg = Debug|x64
		{F0927D2E-D402-4BFD-A206-9E34027C0E3A}.Debug|x64.Build.0 = Debug|x64
		{F0927D2E-D402-4BFD-A206-9E34027C0E3A}.Debug|x86.ActiveCfg = Debug|Win32
		{F0927D2E-D402-4BFD-A206-9E34027C0E3A}.Debug|x86.Build.0 = Debug|Win32
		{F0927D2E-D402-4BFD-A206-9E34027C0E3A}.Release|x64.ActiveCfg = Release|x64
		{F0927D2E-D402-4BFD-A206-9E34027C0E3A}.Release|x64.Build.0 = Release|x64
		{F0927D2E-D402-4BFD-A206-9E34027C0E3A}.Release|x86.ActiveCfg = Release|Win32
		{F0927D2E-D402-4BFD-A206-9E34027C0E3A}.Release|x86.Build.0 = Release|Win32
		{C0DC91B4-3BEE-437A-A420-EE2FA2D2DE7A}.Debug|x64.ActiveCfg = Debug|x64
		{C0DC91B4-3BEE-437A-A420-EE2FA2D2DE7A}.Debug|x64.Build.0 = Debug|x64
		{C0DC91B4-3BEE-437A-A420-EE2FA2D2DE7A}.Debug|x86.ActiveCfg = Debug|Win32
		{C0DC91B4-3BEE-437A-A420-EE2FA2D2DE7A}.Debug|x86.Build.0 = Debug|Win32
		{C0DC91B4-3BEE-437A-A420-EE2FA2D2DE7A}.Release|x64.ActiveCfg = Release|x64
		{C0DC91B4-3BEE-437A-A420-EE2FA2D2DE7A}.Release|x64.Build.0 = Release|x64
		{C0DC91B4-3BEE-437A-A420-EE2FA2D2DE7A}.Release|x86.ActiveCfg = Release|Win32
		{C0DC91B4-3BEE-437A-A420-EE2FA2D2DE7A}.Release|x86.Build.0 = Release|Win32
		{94CF694E-C190-4CE4-8556-EE1FD771B558}.Debug|x64.ActiveCfg = Debug|x64
		{94CF694E-C190-4CE4-8556-EE1FD771B558}.Debug|x64.Build.0 = Debug|x64
		{94CF694E-C190-4CE4-8556-EE1FD771B558}.Debug|x86.ActiveCfg = Debug|Win32
		{94CF694E-C190-4CE4-8556-EE1FD771B558}.Debug|x86.Build.0 = Debug|Win32
		{94CF694E-C190-4CE4-8556-EE1FD771B558}.Release|x64.ActiveCfg = Release|x64
		{94CF694E-C190-4CE4-8556-EE1FD771B558}.Release|x64.Build.0 = Release|x64
		{94CF694E-C190-4CE4-8556-EE1FD771B558}.Release|x86.ActiveCfg = Release|Win32
		{94CF694E-C190-4CE4-8556-EE1FD771B558}.Release|x86.Build.0 = Release|Win32
	EndGlobalSection
	GlobalSection(SolutionProperties) = preSolution
		HideSolutionNode = FALSE
	EndGlobalSection
	GlobalSection(ExtensibilityGlobals) = postSolution
		SolutionGuid = {42AA1E8D-C4BB-4D2E-8003-F003B4F858CB}
	EndGlobalSection
EndGlobal
